
Microsoft Visual Studio Solution File, Format Version 12.00
# Visual Studio Version 17
VisualStudioVersion = 17.3.32922.545
MinimumVisualStudioVersion = 10.0.40219.1
Project("{FAE04EC0-301F-11D3-BF4B-00C04F79EFBC}") = "Human's", "Human's\Human's.csproj", "{A2A80800-E0B1-4742-8EC4-BBC61A7D89CF}"
EndProject
Global
	GlobalSection(SolutionConfigurationPlatforms) = preSolution
		Debug|Any CPU = Debug|Any CPU
		Release|Any CPU = Release|Any CPU
	EndGlobalSection
	GlobalSection(ProjectConfigurationPlatforms) = postSolution
		{A2A80800-E0B1-4742-8EC4-BBC61A7D89CF}.Debug|Any CPU.ActiveCfg = Debug|Any CPU
		{A2A80800-E0B1-4742-8EC4-BBC61A7D89CF}.Debug|Any CPU.Build.0 = Debug|Any CPU
		{A2A80800-E0B1-4742-8EC4-BBC61A7D89CF}.Release|Any CPU.ActiveCfg = Release|Any CPU
		{A2A80800-E0B1-4742-8EC4-BBC61A7D89CF}.Release|Any CPU.Build.0 = Release|Any CPU
	EndGlobalSection
	GlobalSection(SolutionProperties) = preSolution
		HideSolutionNode = FALSE
	EndGlobalSection
	GlobalSection(ExtensibilityGlobals) = postSolution
		SolutionGuid = {04232AE0-0A78-4E30-B601-06971C207872}
	EndGlobalSection
EndGlobal
